
Microsoft Visual Studio Solution File, Format Version 12.00
# Visual Studio Version 16
VisualStudioVersion = 16.0.33423.256
MinimumVisualStudioVersion = 10.0.40219.1
Project("{FAE04EC0-301F-11D3-BF4B-00C04F79EFBC}") = "Library Booking Co", "Library Booking Co.\Library Booking Co.csproj", "{0B5064B4-7E7B-4D4B-9527-F54B83A2F27E}"
EndProject
Global
	GlobalSection(SolutionConfigurationPlatforms) = preSolution
		Debug|Any CPU = Debug|Any CPU
		Release|Any CPU = Release|Any CPU
	EndGlobalSection
	GlobalSection(ProjectConfigurationPlatforms) = postSolution
		{0B5064B4-7E7B-4D4B-9527-F54B83A2F27E}.Debug|Any CPU.ActiveCfg = Debug|Any CPU
		{0B5064B4-7E7B-4D4B-9527-F54B83A2F27E}.Debug|Any CPU.Build.0 = Debug|Any CPU
		{0B5064B4-7E7B-4D4B-9527-F54B83A2F27E}.Release|Any CPU.ActiveCfg = Release|Any CPU
		{0B5064B4-7E7B-4D4B-9527-F54B83A2F27E}.Release|Any CPU.Build.0 = Release|Any CPU
	EndGlobalSection
	GlobalSection(SolutionProperties) = preSolution
		HideSolutionNode = FALSE
	EndGlobalSection
	GlobalSection(ExtensibilityGlobals) = postSolution
		SolutionGuid = {6EAC785F-8C01-446C-A489-93ABE696BB6D}
	EndGlobalSection
EndGlobal
